
Microsoft Visual Studio Solution File, Format Version 12.00
# Visual Studio Version 16
VisualStudioVersion = 16.0.31515.178
MinimumVisualStudioVersion = 10.0.40219.1
Project("{FAE04EC0-301F-11D3-BF4B-00C04F79EFBC}") = "ExcelUploadReadDataSaveExampleCore", "ExcelUploadReadDataSaveExampleCore\ExcelUploadReadDataSaveExampleCore.csproj", "{7B572369-3236-4F08-A0D8-5A4934C79B2F}"
EndProject
Global
	GlobalSection(SolutionConfigurationPlatforms) = preSolution
		Debug|Any CPU = Debug|Any CPU
		Release|Any CPU = Release|Any CPU
	EndGlobalSection
	GlobalSection(ProjectConfigurationPlatforms) = postSolution
		{7B572369-3236-4F08-A0D8-5A4934C79B2F}.Debug|Any CPU.ActiveCfg = Debug|Any CPU
		{7B572369-3236-4F08-A0D8-5A4934C79B2F}.Debug|Any CPU.Build.0 = Debug|Any CPU
		{7B572369-3236-4F08-A0D8-5A4934C79B2F}.Release|Any CPU.ActiveCfg = Release|Any CPU
		{7B572369-3236-4F08-A0D8-5A4934C79B2F}.Release|Any CPU.Build.0 = Release|Any CPU
	EndGlobalSection
	GlobalSection(SolutionProperties) = preSolution
		HideSolutionNode = FALSE
	EndGlobalSection
	GlobalSection(ExtensibilityGlobals) = postSolution
		SolutionGuid = {67739F51-98D1-4690-B5FC-9987F48CD0AE}
	EndGlobalSection
EndGlobal
