
Microsoft Visual Studio Solution File, Format Version 12.00
# Visual Studio Version 17
VisualStudioVersion = 17.1.32421.90
MinimumVisualStudioVersion = 10.0.40219.1
Project("{FAE04EC0-301F-11D3-BF4B-00C04F79EFBC}") = "LoginMVC", "LoginMVC\LoginMVC.csproj", "{345FEB8E-31F1-498F-9087-DB6226DAE83A}"
EndProject
Global
	GlobalSection(SolutionConfigurationPlatforms) = preSolution
		Debug|Any CPU = Debug|Any CPU
		Release|Any CPU = Release|Any CPU
	EndGlobalSection
	GlobalSection(ProjectConfigurationPlatforms) = postSolution
		{345FEB8E-31F1-498F-9087-DB6226DAE83A}.Debug|Any CPU.ActiveCfg = Debug|Any CPU
		{345FEB8E-31F1-498F-9087-DB6226DAE83A}.Debug|Any CPU.Build.0 = Debug|Any CPU
		{345FEB8E-31F1-498F-9087-DB6226DAE83A}.Release|Any CPU.ActiveCfg = Release|Any CPU
		{345FEB8E-31F1-498F-9087-DB6226DAE83A}.Release|Any CPU.Build.0 = Release|Any CPU
	EndGlobalSection
	GlobalSection(SolutionProperties) = preSolution
		HideSolutionNode = FALSE
	EndGlobalSection
	GlobalSection(ExtensibilityGlobals) = postSolution
		SolutionGuid = {10778A22-2870-478F-80BA-CA4D0B361B40}
	EndGlobalSection
EndGlobal
