
Microsoft Visual Studio Solution File, Format Version 12.00
# Visual Studio Version 17
VisualStudioVersion = 17.1.32328.378
MinimumVisualStudioVersion = 10.0.40219.1
Project("{FAE04EC0-301F-11D3-BF4B-00C04F79EFBC}") = "FTPUpload", "FTPUpload\FTPUpload.csproj", "{DCEA6352-B929-4EDD-9953-A7E72C96BCC3}"
EndProject
Global
	GlobalSection(SolutionConfigurationPlatforms) = preSolution
		Debug|Any CPU = Debug|Any CPU
		Release|Any CPU = Release|Any CPU
	EndGlobalSection
	GlobalSection(ProjectConfigurationPlatforms) = postSolution
		{DCEA6352-B929-4EDD-9953-A7E72C96BCC3}.Debug|Any CPU.ActiveCfg = Debug|Any CPU
		{DCEA6352-B929-4EDD-9953-A7E72C96BCC3}.Debug|Any CPU.Build.0 = Debug|Any CPU
		{DCEA6352-B929-4EDD-9953-A7E72C96BCC3}.Release|Any CPU.ActiveCfg = Release|Any CPU
		{DCEA6352-B929-4EDD-9953-A7E72C96BCC3}.Release|Any CPU.Build.0 = Release|Any CPU
	EndGlobalSection
	GlobalSection(SolutionProperties) = preSolution
		HideSolutionNode = FALSE
	EndGlobalSection
	GlobalSection(ExtensibilityGlobals) = postSolution
		SolutionGuid = {25676945-96A1-458F-BC38-1A9BACBB8463}
	EndGlobalSection
EndGlobal
