
Microsoft Visual Studio Solution File, Format Version 12.00
# Visual Studio Version 17
VisualStudioVersion = 17.1.32421.90
MinimumVisualStudioVersion = 10.0.40219.1
Project("{FAE04EC0-301F-11D3-BF4B-00C04F79EFBC}") = "UIT_Pokemon", "UIT_Pokemon\UIT_Pokemon.csproj", "{C7B5D7C3-B37E-4C6A-A83F-40669641512A}"
EndProject
Project("{54435603-DBB4-11D2-8724-00A0C9A8B90C}") = "Pokemon", "Pokemon\Pokemon.vdproj", "{8B6B7DA2-3BDC-4C15-9E0E-F9E0BD7EFBF5}"
EndProject
Global
	GlobalSection(SolutionConfigurationPlatforms) = preSolution
		Debug|Any CPU = Debug|Any CPU
		Release|Any CPU = Release|Any CPU
	EndGlobalSection
	GlobalSection(ProjectConfigurationPlatforms) = postSolution
		{C7B5D7C3-B37E-4C6A-A83F-40669641512A}.Debug|Any CPU.ActiveCfg = Debug|Any CPU
		{C7B5D7C3-B37E-4C6A-A83F-40669641512A}.Debug|Any CPU.Build.0 = Debug|Any CPU
		{C7B5D7C3-B37E-4C6A-A83F-40669641512A}.Release|Any CPU.ActiveCfg = Release|Any CPU
		{C7B5D7C3-B37E-4C6A-A83F-40669641512A}.Release|Any CPU.Build.0 = Release|Any CPU
		{8B6B7DA2-3BDC-4C15-9E0E-F9E0BD7EFBF5}.Debug|Any CPU.ActiveCfg = Debug
		{8B6B7DA2-3BDC-4C15-9E0E-F9E0BD7EFBF5}.Release|Any CPU.ActiveCfg = Release
	EndGlobalSection
	GlobalSection(SolutionProperties) = preSolution
		HideSolutionNode = FALSE
	EndGlobalSection
	GlobalSection(ExtensibilityGlobals) = postSolution
		SolutionGuid = {DBF68547-C075-4381-A41A-CE4AD820B9B5}
	EndGlobalSection
EndGlobal
