
Microsoft Visual Studio Solution File, Format Version 12.00
# Visual Studio Version 17
VisualStudioVersion = 17.1.32421.90
MinimumVisualStudioVersion = 10.0.40219.1
Project("{FAE04EC0-301F-11D3-BF4B-00C04F79EFBC}") = "Web_News", "Web_News\Web_News.csproj", "{47E92B29-2373-4682-8838-51D387C272F8}"
EndProject
Global
	GlobalSection(SolutionConfigurationPlatforms) = preSolution
		Debug|Any CPU = Debug|Any CPU
		Release|Any CPU = Release|Any CPU
	EndGlobalSection
	GlobalSection(ProjectConfigurationPlatforms) = postSolution
		{47E92B29-2373-4682-8838-51D387C272F8}.Debug|Any CPU.ActiveCfg = Debug|Any CPU
		{47E92B29-2373-4682-8838-51D387C272F8}.Debug|Any CPU.Build.0 = Debug|Any CPU
		{47E92B29-2373-4682-8838-51D387C272F8}.Release|Any CPU.ActiveCfg = Release|Any CPU
		{47E92B29-2373-4682-8838-51D387C272F8}.Release|Any CPU.Build.0 = Release|Any CPU
	EndGlobalSection
	GlobalSection(SolutionProperties) = preSolution
		HideSolutionNode = FALSE
	EndGlobalSection
	GlobalSection(ExtensibilityGlobals) = postSolution
		SolutionGuid = {77914568-2C2F-4AAD-A29C-A801FCA6937F}
	EndGlobalSection
EndGlobal
