
Microsoft Visual Studio Solution File, Format Version 12.00
# Visual Studio Version 17
VisualStudioVersion = 17.1.32421.90
MinimumVisualStudioVersion = 10.0.40219.1
Project("{FAE04EC0-301F-11D3-BF4B-00C04F79EFBC}") = "pdf", "pdf\pdf.csproj", "{7499285D-A292-4306-A114-E758A72B47F6}"
EndProject
Global
	GlobalSection(SolutionConfigurationPlatforms) = preSolution
		Debug|Any CPU = Debug|Any CPU
		Release|Any CPU = Release|Any CPU
	EndGlobalSection
	GlobalSection(ProjectConfigurationPlatforms) = postSolution
		{7499285D-A292-4306-A114-E758A72B47F6}.Debug|Any CPU.ActiveCfg = Debug|Any CPU
		{7499285D-A292-4306-A114-E758A72B47F6}.Debug|Any CPU.Build.0 = Debug|Any CPU
		{7499285D-A292-4306-A114-E758A72B47F6}.Release|Any CPU.ActiveCfg = Release|Any CPU
		{7499285D-A292-4306-A114-E758A72B47F6}.Release|Any CPU.Build.0 = Release|Any CPU
	EndGlobalSection
	GlobalSection(SolutionProperties) = preSolution
		HideSolutionNode = FALSE
	EndGlobalSection
	GlobalSection(ExtensibilityGlobals) = postSolution
		SolutionGuid = {C6166DB9-6ED8-4EF5-8D16-7B8E0C5D1BE7}
	EndGlobalSection
EndGlobal
