
Microsoft Visual Studio Solution File, Format Version 12.00
# Visual Studio Version 17
VisualStudioVersion = 17.1.32328.378
MinimumVisualStudioVersion = 10.0.40219.1
Project("{FAE04EC0-301F-11D3-BF4B-00C04F79EFBC}") = "PDF_Read_Print", "PDF_Read_Print\PDF_Read_Print.csproj", "{D30BA2E5-6EC6-45DF-9922-EBC485064D4C}"
EndProject
Global
	GlobalSection(SolutionConfigurationPlatforms) = preSolution
		Debug|Any CPU = Debug|Any CPU
		Release|Any CPU = Release|Any CPU
	EndGlobalSection
	GlobalSection(ProjectConfigurationPlatforms) = postSolution
		{D30BA2E5-6EC6-45DF-9922-EBC485064D4C}.Debug|Any CPU.ActiveCfg = Debug|Any CPU
		{D30BA2E5-6EC6-45DF-9922-EBC485064D4C}.Debug|Any CPU.Build.0 = Debug|Any CPU
		{D30BA2E5-6EC6-45DF-9922-EBC485064D4C}.Release|Any CPU.ActiveCfg = Release|Any CPU
		{D30BA2E5-6EC6-45DF-9922-EBC485064D4C}.Release|Any CPU.Build.0 = Release|Any CPU
	EndGlobalSection
	GlobalSection(SolutionProperties) = preSolution
		HideSolutionNode = FALSE
	EndGlobalSection
	GlobalSection(ExtensibilityGlobals) = postSolution
		SolutionGuid = {D1954DB9-A340-4674-A1B2-90E4287FEED0}
	EndGlobalSection
EndGlobal
